
Microsoft Visual Studio Solution File, Format Version 12.00
# Visual Studio Version 17
VisualStudioVersion = 17.4.33213.308
MinimumVisualStudioVersion = 10.0.40219.1
Project("{FAE04EC0-301F-11D3-BF4B-00C04F79EFBC}") = "EventHandler", "EventHandler\EventHandler.csproj", "{6A2F1357-2A4F-43A7-8794-58552E741200}"
EndProject
Global
	GlobalSection(SolutionConfigurationPlatforms) = preSolution
		Debug|Any CPU = Debug|Any CPU
		Release|Any CPU = Release|Any CPU
	EndGlobalSection
	GlobalSection(ProjectConfigurationPlatforms) = postSolution
		{6A2F1357-2A4F-43A7-8794-58552E741200}.Debug|Any CPU.ActiveCfg = Debug|Any CPU
		{6A2F1357-2A4F-43A7-8794-58552E741200}.Debug|Any CPU.Build.0 = Debug|Any CPU
		{6A2F1357-2A4F-43A7-8794-58552E741200}.Release|Any CPU.ActiveCfg = Release|Any CPU
		{6A2F1357-2A4F-43A7-8794-58552E741200}.Release|Any CPU.Build.0 = Release|Any CPU
	EndGlobalSection
	GlobalSection(SolutionProperties) = preSolution
		HideSolutionNode = FALSE
	EndGlobalSection
	GlobalSection(ExtensibilityGlobals) = postSolution
		SolutionGuid = {54654E6D-F401-4DD5-A990-9F1381AF0CF9}
	EndGlobalSection
EndGlobal
